
Microsoft Visual Studio Solution File, Format Version 12.00
# Visual Studio 15
VisualStudioVersion = 15.0.28010.2041
MinimumVisualStudioVersion = 10.0.40219.1
Project("{FAE04EC0-301F-11D3-BF4B-00C04F79EFBC}") = "Funzioni", "Funzioni\Funzioni.csproj", "{916FA943-CAA6-4BFC-9D8D-2E7D88C77AEA}"
EndProject
Global
	GlobalSection(SolutionConfigurationPlatforms) = preSolution
		Debug|Any CPU = Debug|Any CPU
		Release|Any CPU = Release|Any CPU
	EndGlobalSection
	GlobalSection(ProjectConfigurationPlatforms) = postSolution
		{916FA943-CAA6-4BFC-9D8D-2E7D88C77AEA}.Debug|Any CPU.ActiveCfg = Debug|Any CPU
		{916FA943-CAA6-4BFC-9D8D-2E7D88C77AEA}.Debug|Any CPU.Build.0 = Debug|Any CPU
		{916FA943-CAA6-4BFC-9D8D-2E7D88C77AEA}.Release|Any CPU.ActiveCfg = Release|Any CPU
		{916FA943-CAA6-4BFC-9D8D-2E7D88C77AEA}.Release|Any CPU.Build.0 = Release|Any CPU
	EndGlobalSection
	GlobalSection(SolutionProperties) = preSolution
		HideSolutionNode = FALSE
	EndGlobalSection
	GlobalSection(ExtensibilityGlobals) = postSolution
		SolutionGuid = {02FC6FC0-A87C-44E7-98F9-9B41612D9B9B}
	EndGlobalSection
EndGlobal
